
Microsoft Visual Studio Solution File, Format Version 12.00
# Visual Studio Version 17
VisualStudioVersion = 17.2.32516.85
MinimumVisualStudioVersion = 10.0.40219.1
Project("{FAE04EC0-301F-11D3-BF4B-00C04F79EFBC}") = "PRSCapstone", "PRSCapstone\PRSCapstone.csproj", "{5AB9607A-03EE-49F8-A33A-01D7897B573A}"
EndProject
Global
	GlobalSection(SolutionConfigurationPlatforms) = preSolution
		Debug|Any CPU = Debug|Any CPU
		Release|Any CPU = Release|Any CPU
	EndGlobalSection
	GlobalSection(ProjectConfigurationPlatforms) = postSolution
		{5AB9607A-03EE-49F8-A33A-01D7897B573A}.Debug|Any CPU.ActiveCfg = Debug|Any CPU
		{5AB9607A-03EE-49F8-A33A-01D7897B573A}.Debug|Any CPU.Build.0 = Debug|Any CPU
		{5AB9607A-03EE-49F8-A33A-01D7897B573A}.Release|Any CPU.ActiveCfg = Release|Any CPU
		{5AB9607A-03EE-49F8-A33A-01D7897B573A}.Release|Any CPU.Build.0 = Release|Any CPU
	EndGlobalSection
	GlobalSection(SolutionProperties) = preSolution
		HideSolutionNode = FALSE
	EndGlobalSection
	GlobalSection(ExtensibilityGlobals) = postSolution
		SolutionGuid = {21B774F6-1B6A-4FA1-A67A-C97E57CC6C9C}
	EndGlobalSection
EndGlobal
